
Microsoft Visual Studio Solution File, Format Version 12.00
# Visual Studio Version 17
VisualStudioVersion = 17.14.36518.9 d17.14
MinimumVisualStudioVersion = 10.0.40219.1
Project("{FAE04EC0-301F-11D3-BF4B-00C04F79EFBC}") = "FhOoeProjectPackages", "FhOoeProjectPackages\FhOoeProjectPackages.csproj", "{C845B44F-5B92-4C6D-A18C-8C9A14CFC946}"
EndProject
Project("{FAE04EC0-301F-11D3-BF4B-00C04F79EFBC}") = "Tests", "Tests\Tests.csproj", "{415A7376-9B5E-4DC1-9AAE-1AC3A195D2F4}"
EndProject
Global
	GlobalSection(SolutionConfigurationPlatforms) = preSolution
		Debug|Any CPU = Debug|Any CPU
		Release|Any CPU = Release|Any CPU
	EndGlobalSection
	GlobalSection(ProjectConfigurationPlatforms) = postSolution
		{C845B44F-5B92-4C6D-A18C-8C9A14CFC946}.Debug|Any CPU.ActiveCfg = Debug|Any CPU
		{C845B44F-5B92-4C6D-A18C-8C9A14CFC946}.Debug|Any CPU.Build.0 = Debug|Any CPU
		{C845B44F-5B92-4C6D-A18C-8C9A14CFC946}.Release|Any CPU.ActiveCfg = Release|Any CPU
		{C845B44F-5B92-4C6D-A18C-8C9A14CFC946}.Release|Any CPU.Build.0 = Release|Any CPU
		{415A7376-9B5E-4DC1-9AAE-1AC3A195D2F4}.Debug|Any CPU.ActiveCfg = Debug|Any CPU
		{415A7376-9B5E-4DC1-9AAE-1AC3A195D2F4}.Debug|Any CPU.Build.0 = Debug|Any CPU
		{415A7376-9B5E-4DC1-9AAE-1AC3A195D2F4}.Release|Any CPU.ActiveCfg = Release|Any CPU
		{415A7376-9B5E-4DC1-9AAE-1AC3A195D2F4}.Release|Any CPU.Build.0 = Release|Any CPU
	EndGlobalSection
	GlobalSection(SolutionProperties) = preSolution
		HideSolutionNode = FALSE
	EndGlobalSection
	GlobalSection(ExtensibilityGlobals) = postSolution
		SolutionGuid = {87C6755E-EA9C-491A-AE6C-E859F22CAA17}
	EndGlobalSection
EndGlobal
