
Microsoft Visual Studio Solution File, Format Version 12.00
# Visual Studio Version 17
VisualStudioVersion = 17.13.35825.156
MinimumVisualStudioVersion = 10.0.40219.1
Project("{FAE04EC0-301F-11D3-BF4B-00C04F79EFBC}") = "Channel_Backworker", "Channel_Backworker\Channel_Backworker.csproj", "{5076FD70-28C7-418E-9A96-95A3BCA17BAA}"
EndProject
Project("{FAE04EC0-301F-11D3-BF4B-00C04F79EFBC}") = "Student_Coordinator", "Student_Coordinator\Student_Coordinator.csproj", "{D2906BF2-EFB8-4ED3-966C-10FA2C8EEC32}"
EndProject
Global
	GlobalSection(SolutionConfigurationPlatforms) = preSolution
		Debug|Any CPU = Debug|Any CPU
		Release|Any CPU = Release|Any CPU
	EndGlobalSection
	GlobalSection(ProjectConfigurationPlatforms) = postSolution
		{5076FD70-28C7-418E-9A96-95A3BCA17BAA}.Debug|Any CPU.ActiveCfg = Debug|Any CPU
		{5076FD70-28C7-418E-9A96-95A3BCA17BAA}.Debug|Any CPU.Build.0 = Debug|Any CPU
		{5076FD70-28C7-418E-9A96-95A3BCA17BAA}.Release|Any CPU.ActiveCfg = Release|Any CPU
		{5076FD70-28C7-418E-9A96-95A3BCA17BAA}.Release|Any CPU.Build.0 = Release|Any CPU
		{D2906BF2-EFB8-4ED3-966C-10FA2C8EEC32}.Debug|Any CPU.ActiveCfg = Debug|Any CPU
		{D2906BF2-EFB8-4ED3-966C-10FA2C8EEC32}.Debug|Any CPU.Build.0 = Debug|Any CPU
		{D2906BF2-EFB8-4ED3-966C-10FA2C8EEC32}.Release|Any CPU.ActiveCfg = Release|Any CPU
		{D2906BF2-EFB8-4ED3-966C-10FA2C8EEC32}.Release|Any CPU.Build.0 = Release|Any CPU
	EndGlobalSection
	GlobalSection(SolutionProperties) = preSolution
		HideSolutionNode = FALSE
	EndGlobalSection
	GlobalSection(ExtensibilityGlobals) = postSolution
		SolutionGuid = {4AB95159-94E8-49EA-A2B3-94436D1A7A6E}
	EndGlobalSection
EndGlobal
